
Microsoft Visual Studio Solution File, Format Version 12.00
# Visual Studio Version 17
VisualStudioVersion = 17.2.32616.157
MinimumVisualStudioVersion = 10.0.40219.1
Project("{FAE04EC0-301F-11D3-BF4B-00C04F79EFBC}") = "WordFinderApp", "WordFinderApp\WordFinderApp.csproj", "{0702A868-2FEA-46C7-A1B4-E55E324973E3}"
EndProject
Global
	GlobalSection(SolutionConfigurationPlatforms) = preSolution
		Debug|Any CPU = Debug|Any CPU
		Release|Any CPU = Release|Any CPU
	EndGlobalSection
	GlobalSection(ProjectConfigurationPlatforms) = postSolution
		{0702A868-2FEA-46C7-A1B4-E55E324973E3}.Debug|Any CPU.ActiveCfg = Debug|Any CPU
		{0702A868-2FEA-46C7-A1B4-E55E324973E3}.Debug|Any CPU.Build.0 = Debug|Any CPU
		{0702A868-2FEA-46C7-A1B4-E55E324973E3}.Release|Any CPU.ActiveCfg = Release|Any CPU
		{0702A868-2FEA-46C7-A1B4-E55E324973E3}.Release|Any CPU.Build.0 = Release|Any CPU
	EndGlobalSection
	GlobalSection(SolutionProperties) = preSolution
		HideSolutionNode = FALSE
	EndGlobalSection
	GlobalSection(ExtensibilityGlobals) = postSolution
		SolutionGuid = {37538CB6-54E3-4861-80BF-EDDD3AAB9696}
	EndGlobalSection
EndGlobal
